<?xml version="1.0" encoding="utf-8"?>
<Project ToolsVersion="4.0" xmlns="http://schemas.microsoft.com/developer/msbuild/2003">
  <ItemGroup>
    <Filter Include="Source Files">
      <UniqueIdentifier>{4FC737F1-C7A5-4376-A066-2A32D752A2FF}</UniqueIdentifier>
      <Extensions>cpp;c;cc;cxx;c++;cppm;ixx;def;odl;idl;hpj;bat;asm;asmx</Extensions>
    </Filter>
    <Filter Include="Header Files">
      <UniqueIdentifier>{93995380-89BD-4b04-88EB-625FBE52EBFB}</UniqueIdentifier>
      <Extensions>h;hh;hpp;hxx;h++;hm;inl;inc;ipp;xsd</Extensions>
    </Filter>
    <Filter Include="Resource Files">
      <UniqueIdentifier>{67DA6AB6-F800-4c08-8B7A-83BB121AAD01}</UniqueIdentifier>
      <Extensions>rc;ico;cur;bmp;dlg;rc2;rct;bin;rgs;gif;jpg;jpeg;jpe;resx;tiff;tif;png;wav;mfcribbon-ms</Extensions>
    </Filter>
    <Filter Include="Header Files\DLL Build Headers">
      <UniqueIdentifier>{beb0dcf0-f7d6-4a80-86b9-89a1985b51ba}</UniqueIdentifier>
    </Filter>
    <Filter Include="Source Files\DLL Build Sources">
      <UniqueIdentifier>{f2f381ba-a94e-4eb2-bbcc-f4e35d9368b5}</UniqueIdentifier>
    </Filter>
    <Filter Include="Source Files\Solum Parser Sources">
      <UniqueIdentifier>{bdeab43c-209e-4c78-9133-875a2dfdb483}</UniqueIdentifier>
    </Filter>
    <Filter Include="Header Files\Solum Parser Headers">
      <UniqueIdentifier>{c1587e7b-4305-4289-8354-1cfb081dcb6c}</UniqueIdentifier>
    </Filter>
  </ItemGroup>
  <ItemGroup>
    <ClInclude Include="framework.h">
      <Filter>Header Files\DLL Build Headers</Filter>
    </ClInclude>
    <ClInclude Include="pch.h">
      <Filter>Header Files\DLL Build Headers</Filter>
    </ClInclude>
  </ItemGroup>
  <ItemGroup>
    <ClCompile Include="dllmain.cpp">
      <Filter>Source Files\DLL Build Sources</Filter>
    </ClCompile>
    <ClCompile Include="pch.cpp">
      <Filter>Source Files\DLL Build Sources</Filter>
    </ClCompile>
  </ItemGroup>
</Project>